
Microsoft Visual Studio Solution File, Format Version 12.00
# Visual Studio 15
VisualStudioVersion = 15.0.27130.2003
MinimumVisualStudioVersion = 10.0.40219.1
Project("{FAE04EC0-301F-11D3-BF4B-00C04F79EFBC}") = "FirstDockerApp", "FirstDockerApp.csproj", "{E512F4F6-25BD-4CF2-B213-6924FF73905E}"
EndProject
Global
	GlobalSection(SolutionConfigurationPlatforms) = preSolution
		Debug|Any CPU = Debug|Any CPU
		Release|Any CPU = Release|Any CPU
	EndGlobalSection
	GlobalSection(ProjectConfigurationPlatforms) = postSolution
		{E512F4F6-25BD-4CF2-B213-6924FF73905E}.Debug|Any CPU.ActiveCfg = Debug|Any CPU
		{E512F4F6-25BD-4CF2-B213-6924FF73905E}.Debug|Any CPU.Build.0 = Debug|Any CPU
		{E512F4F6-25BD-4CF2-B213-6924FF73905E}.Release|Any CPU.ActiveCfg = Release|Any CPU
		{E512F4F6-25BD-4CF2-B213-6924FF73905E}.Release|Any CPU.Build.0 = Release|Any CPU
	EndGlobalSection
	GlobalSection(SolutionProperties) = preSolution
		HideSolutionNode = FALSE
	EndGlobalSection
	GlobalSection(ExtensibilityGlobals) = postSolution
		SolutionGuid = {81C6C123-58DB-4134-BD4C-4056B106716C}
	EndGlobalSection
EndGlobal
